{
  "name": "salesforcemcp",
  "version": "1.0.0",
  "lockfileVersion": 3,
  "requires": true,
  "packages": {
    "": {
      "name": "salesforcemcp",
      "version": "1.0.0",
      "license": "ISC",
      "dependencies": {
        "web-tree-sitter-sfapex": "^2.4.1"
      }
    },
    "node_modules/web-tree-sitter": {
      "version": "0.24.7",
      "resolved": "https://registry.npmjs.org/web-tree-sitter/-/web-tree-sitter-0.24.7.tgz",
      "integrity": "sha512-CdC/TqVFbXqR+C51v38hv6wOPatKEUGxa39scAeFSm98wIhZxAYonhRQPSMmfZ2w7JDI0zQDdzdmgtNk06/krQ==",
      "license": "MIT"
    },
    "node_modules/web-tree-sitter-sfapex": {
      "version": "2.4.1",
      "resolved": "https://registry.npmjs.org/web-tree-sitter-sfapex/-/web-tree-sitter-sfapex-2.4.1.tgz",
      "integrity": "sha512-0Ry42akyNTo1vZbNtoD0R6yoBnRuoQouONjI0VDQdr2Y6OFL3vtISqLInwidPz14da2HmGh4ndRxeynv3wRKQg==",
      "license": "MIT",
      "dependencies": {
        "web-tree-sitter": "^0.24.0"
      }
    }
  }
}
